
Microsoft Visual Studio Solution File, Format Version 12.00
# Visual Studio Version 17
VisualStudioVersion = 17.1.32228.430
MinimumVisualStudioVersion = 10.0.40219.1
Project("{9A19103F-16F7-4668-BE54-9A1E7A4F7556}") = "inheritance", "inheritance\inheritance.csproj", "{999C1220-020A-4E7F-A6ED-8EC5D0DF57E3}"
EndProject
Project("{FAE04EC0-301F-11D3-BF4B-00C04F79EFBC}") = "UserRegisterConceptUI", "UserRegisterConceptUI\UserRegisterConceptUI.csproj", "{49BA34C7-C80D-4E18-9F9D-4EE5E6808673}"
EndProject
Project("{FAE04EC0-301F-11D3-BF4B-00C04F79EFBC}") = "RegisterUI", "RegisterUI\RegisterUI.csproj", "{9BFD65E9-D264-410A-A348-D9C4646F0AF3}"
EndProject
Global
	GlobalSection(SolutionConfigurationPlatforms) = preSolution
		Debug|Any CPU = Debug|Any CPU
		Release|Any CPU = Release|Any CPU
	EndGlobalSection
	GlobalSection(ProjectConfigurationPlatforms) = postSolution
		{999C1220-020A-4E7F-A6ED-8EC5D0DF57E3}.Debug|Any CPU.ActiveCfg = Debug|Any CPU
		{999C1220-020A-4E7F-A6ED-8EC5D0DF57E3}.Debug|Any CPU.Build.0 = Debug|Any CPU
		{999C1220-020A-4E7F-A6ED-8EC5D0DF57E3}.Release|Any CPU.ActiveCfg = Release|Any CPU
		{999C1220-020A-4E7F-A6ED-8EC5D0DF57E3}.Release|Any CPU.Build.0 = Release|Any CPU
		{49BA34C7-C80D-4E18-9F9D-4EE5E6808673}.Debug|Any CPU.ActiveCfg = Debug|Any CPU
		{49BA34C7-C80D-4E18-9F9D-4EE5E6808673}.Debug|Any CPU.Build.0 = Debug|Any CPU
		{49BA34C7-C80D-4E18-9F9D-4EE5E6808673}.Release|Any CPU.ActiveCfg = Release|Any CPU
		{49BA34C7-C80D-4E18-9F9D-4EE5E6808673}.Release|Any CPU.Build.0 = Release|Any CPU
		{9BFD65E9-D264-410A-A348-D9C4646F0AF3}.Debug|Any CPU.ActiveCfg = Debug|Any CPU
		{9BFD65E9-D264-410A-A348-D9C4646F0AF3}.Debug|Any CPU.Build.0 = Debug|Any CPU
		{9BFD65E9-D264-410A-A348-D9C4646F0AF3}.Release|Any CPU.ActiveCfg = Release|Any CPU
		{9BFD65E9-D264-410A-A348-D9C4646F0AF3}.Release|Any CPU.Build.0 = Release|Any CPU
	EndGlobalSection
	GlobalSection(SolutionProperties) = preSolution
		HideSolutionNode = FALSE
	EndGlobalSection
	GlobalSection(ExtensibilityGlobals) = postSolution
		SolutionGuid = {3C99D6F8-3311-4861-A67C-5A5DAA68ABB2}
	EndGlobalSection
EndGlobal
